{
  "nodes": {
    "ags": {
      "inputs": {
        "nixpkgs": "nixpkgs"
      },
      "locked": {
        "lastModified": 1709994770,
        "narHash": "sha256-vtbqOu9tibOfsYZkOqbRnCsJtOTaGyPyFbfEinYGBRE=",
        "owner": "Aylur",
        "repo": "ags",
        "rev": "b40b8d81c5543ef02caee67560ab1c13ebcee49a",
        "type": "github"
      },
      "original": {
        "owner": "Aylur",
        "repo": "ags",
        "type": "github"
      }
    },
    "home-manager": {
      "inputs": {
        "nixpkgs": [
          "nixpkgs"
        ]
      },
      "locked": {
        "lastModified": 1709764752,
        "narHash": "sha256-+lM4J4JoJeiN8V+3WSWndPHj1pJ9Jc1UMikGbXLqCTk=",
        "owner": "nix-community",
        "repo": "home-manager",
        "rev": "cf111d1a849ddfc38e9155be029519b0e2329615",
        "type": "github"
      },
      "original": {
        "owner": "nix-community",
        "repo": "home-manager",
        "type": "github"
      }
    },
    "nixpkgs": {
      "locked": {
        "lastModified": 1708475490,
        "narHash": "sha256-g1v0TsWBQPX97ziznfJdWhgMyMGtoBFs102xSYO4syU=",
        "owner": "NixOS",
        "repo": "nixpkgs",
        "rev": "0e74ca98a74bc7270d28838369593635a5db3260",
        "type": "github"
      },
      "original": {
        "owner": "NixOS",
        "ref": "nixos-unstable",
        "repo": "nixpkgs",
        "type": "github"
      }
    },
    "nixpkgs_2": {
      "locked": {
        "lastModified": 1705496572,
        "narHash": "sha256-rPIe9G5EBLXdBdn9ilGc0nq082lzQd0xGGe092R/5QE=",
        "owner": "nixos",
        "repo": "nixpkgs",
        "rev": "842d9d80cfd4560648c785f8a4e6f3b096790e19",
        "type": "github"
      },
      "original": {
        "owner": "nixos",
        "ref": "nixos-unstable",
        "repo": "nixpkgs",
        "type": "github"
      }
    },
    "root": {
      "inputs": {
        "ags": "ags",
        "home-manager": "home-manager",
        "nixpkgs": "nixpkgs_2"
      }
    }
  },
  "root": "root",
  "version": 7
}
